
Microsoft Visual Studio Solution File, Format Version 10.00
# Visual Studio 2008
Project("{FAE04EC0-301F-11D3-BF4B-00C04F79EFBC}") = "Hello Home", "Hello Home\Hello Home.csproj", "{7431F29A-72BD-438A-BF31-768449954670}"
EndProject
Global
	GlobalSection(SolutionConfigurationPlatforms) = preSolution
		Debug|Any CPU = Debug|Any CPU
		Release|Any CPU = Release|Any CPU
	EndGlobalSection
	GlobalSection(ProjectConfigurationPlatforms) = postSolution
		{7431F29A-72BD-438A-BF31-768449954670}.Debug|Any CPU.ActiveCfg = Debug|Any CPU
		{7431F29A-72BD-438A-BF31-768449954670}.Debug|Any CPU.Build.0 = Debug|Any CPU
		{7431F29A-72BD-438A-BF31-768449954670}.Release|Any CPU.ActiveCfg = Release|Any CPU
		{7431F29A-72BD-438A-BF31-768449954670}.Release|Any CPU.Build.0 = Release|Any CPU
	EndGlobalSection
	GlobalSection(SolutionProperties) = preSolution
		HideSolutionNode = FALSE
	EndGlobalSection
EndGlobal
